
Microsoft Visual Studio Solution File, Format Version 12.00
# Visual Studio Version 17
VisualStudioVersion = 17.14.37314.3 d17.14
MinimumVisualStudioVersion = 10.0.40219.1
Project("{FAE04EC0-301F-11D3-BF4B-00C04F79EFBC}") = "CloudServiceStore.WebApi", "CloudServiceStore.WebApi\CloudServiceStore.WebApi.csproj", "{4FE2EA86-878F-4128-BC6C-08DE814D6C1B}"
EndProject
Project("{FAE04EC0-301F-11D3-BF4B-00C04F79EFBC}") = "CloudServiceStore.Domain", "CloudServiceStore.Domain\CloudServiceStore.Domain.csproj", "{C807657C-CC85-451F-B809-3DAA07CEE584}"
EndProject
Project("{FAE04EC0-301F-11D3-BF4B-00C04F79EFBC}") = "CloudServiceStore.Application", "CloudServiceStore.Application\CloudServiceStore.Application.csproj", "{DF262F82-35A9-427C-883B-E8B3D52095FB}"
EndProject
Project("{FAE04EC0-301F-11D3-BF4B-00C04F79EFBC}") = "CloudServiceStore.Infrastructure", "CloudServiceStore.Infrastructure\CloudServiceStore.Infrastructure.csproj", "{EA13B57C-74B6-450A-9C66-AE7306C4443F}"
EndProject
Project("{FAE04EC0-301F-11D3-BF4B-00C04F79EFBC}") = "CloudServiceStore.Tests", "..\..\tests\CloudServiceStore.Tests\CloudServiceStore.Tests.csproj", "{84251346-642D-4184-9B5E-2956E01BE54E}"
EndProject
Global
	GlobalSection(SolutionConfigurationPlatforms) = preSolution
		Debug|Any CPU = Debug|Any CPU
		Release|Any CPU = Release|Any CPU
	EndGlobalSection
	GlobalSection(ProjectConfigurationPlatforms) = postSolution
		{4FE2EA86-878F-4128-BC6C-08DE814D6C1B}.Debug|Any CPU.ActiveCfg = Debug|Any CPU
		{4FE2EA86-878F-4128-BC6C-08DE814D6C1B}.Debug|Any CPU.Build.0 = Debug|Any CPU
		{4FE2EA86-878F-4128-BC6C-08DE814D6C1B}.Release|Any CPU.ActiveCfg = Release|Any CPU
		{4FE2EA86-878F-4128-BC6C-08DE814D6C1B}.Release|Any CPU.Build.0 = Release|Any CPU
		{C807657C-CC85-451F-B809-3DAA07CEE584}.Debug|Any CPU.ActiveCfg = Debug|Any CPU
		{C807657C-CC85-451F-B809-3DAA07CEE584}.Debug|Any CPU.Build.0 = Debug|Any CPU
		{C807657C-CC85-451F-B809-3DAA07CEE584}.Release|Any CPU.ActiveCfg = Release|Any CPU
		{C807657C-CC85-451F-B809-3DAA07CEE584}.Release|Any CPU.Build.0 = Release|Any CPU
		{DF262F82-35A9-427C-883B-E8B3D52095FB}.Debug|Any CPU.ActiveCfg = Debug|Any CPU
		{DF262F82-35A9-427C-883B-E8B3D52095FB}.Debug|Any CPU.Build.0 = Debug|Any CPU
		{DF262F82-35A9-427C-883B-E8B3D52095FB}.Release|Any CPU.ActiveCfg = Release|Any CPU
		{DF262F82-35A9-427C-883B-E8B3D52095FB}.Release|Any CPU.Build.0 = Release|Any CPU
		{EA13B57C-74B6-450A-9C66-AE7306C4443F}.Debug|Any CPU.ActiveCfg = Debug|Any CPU
		{EA13B57C-74B6-450A-9C66-AE7306C4443F}.Debug|Any CPU.Build.0 = Debug|Any CPU
		{EA13B57C-74B6-450A-9C66-AE7306C4443F}.Release|Any CPU.ActiveCfg = Release|Any CPU
		{EA13B57C-74B6-450A-9C66-AE7306C4443F}.Release|Any CPU.Build.0 = Release|Any CPU
		{84251346-642D-4184-9B5E-2956E01BE54E}.Debug|Any CPU.ActiveCfg = Debug|Any CPU
		{84251346-642D-4184-9B5E-2956E01BE54E}.Debug|Any CPU.Build.0 = Debug|Any CPU
		{84251346-642D-4184-9B5E-2956E01BE54E}.Release|Any CPU.ActiveCfg = Release|Any CPU
		{84251346-642D-4184-9B5E-2956E01BE54E}.Release|Any CPU.Build.0 = Release|Any CPU
	EndGlobalSection
	GlobalSection(SolutionProperties) = preSolution
		HideSolutionNode = FALSE
	EndGlobalSection
	GlobalSection(ExtensibilityGlobals) = postSolution
		SolutionGuid = {F8063F7E-E6CE-41C9-AD03-0C900E666E9A}
	EndGlobalSection
EndGlobal
